
Microsoft Visual Studio Solution File, Format Version 12.00
# Visual Studio Version 17
VisualStudioVersion = 17.4.33205.214
MinimumVisualStudioVersion = 10.0.40219.1
Project("{FAE04EC0-301F-11D3-BF4B-00C04F79EFBC}") = "WindowsFormsApp1", "WindowsFormsApp1\WindowsFormsApp1.csproj", "{2F047ED1-7971-420D-8C41-49C5618B2E4B}"
EndProject
Project("{FAE04EC0-301F-11D3-BF4B-00C04F79EFBC}") = "UnitTestProject1", "UnitTestProject1\UnitTestProject1.csproj", "{01FE93B6-14E8-41F7-82A0-13BABA712CE8}"
EndProject
Global
	GlobalSection(SolutionConfigurationPlatforms) = preSolution
		Debug|Any CPU = Debug|Any CPU
		Release|Any CPU = Release|Any CPU
	EndGlobalSection
	GlobalSection(ProjectConfigurationPlatforms) = postSolution
		{2F047ED1-7971-420D-8C41-49C5618B2E4B}.Debug|Any CPU.ActiveCfg = Debug|Any CPU
		{2F047ED1-7971-420D-8C41-49C5618B2E4B}.Debug|Any CPU.Build.0 = Debug|Any CPU
		{2F047ED1-7971-420D-8C41-49C5618B2E4B}.Release|Any CPU.ActiveCfg = Release|Any CPU
		{2F047ED1-7971-420D-8C41-49C5618B2E4B}.Release|Any CPU.Build.0 = Release|Any CPU
		{01FE93B6-14E8-41F7-82A0-13BABA712CE8}.Debug|Any CPU.ActiveCfg = Debug|Any CPU
		{01FE93B6-14E8-41F7-82A0-13BABA712CE8}.Debug|Any CPU.Build.0 = Debug|Any CPU
		{01FE93B6-14E8-41F7-82A0-13BABA712CE8}.Release|Any CPU.ActiveCfg = Release|Any CPU
		{01FE93B6-14E8-41F7-82A0-13BABA712CE8}.Release|Any CPU.Build.0 = Release|Any CPU
	EndGlobalSection
	GlobalSection(SolutionProperties) = preSolution
		HideSolutionNode = FALSE
	EndGlobalSection
	GlobalSection(ExtensibilityGlobals) = postSolution
		SolutionGuid = {390B5997-95B7-4DE9-98FE-79F717DAADFF}
	EndGlobalSection
EndGlobal
